
Microsoft Visual Studio Solution File, Format Version 12.00
# Visual Studio 2015
Project("{FAE04EC0-301F-11D3-BF4B-00C04F79EFBC}") = "MMM Fingers Extreme.CSharp", "MMM Fingers Extreme.CSharp.csproj", "{75A1F32F-0C38-DC2F-358E-463E9A524A1E}"
EndProject
Project("{FAE04EC0-301F-11D3-BF4B-00C04F79EFBC}") = "MMM Fingers Extreme.CSharp.Editor", "MMM Fingers Extreme.CSharp.Editor.csproj", "{ABCE81D3-2330-74A1-9E6F-A4E65766637D}"
EndProject
Global
	GlobalSection(SolutionConfigurationPlatforms) = preSolution
		Debug|Any CPU = Debug|Any CPU
		Release|Any CPU = Release|Any CPU
	EndGlobalSection
	GlobalSection(ProjectConfigurationPlatforms) = postSolution
		{75A1F32F-0C38-DC2F-358E-463E9A524A1E}.Debug|Any CPU.ActiveCfg = Debug|Any CPU
		{75A1F32F-0C38-DC2F-358E-463E9A524A1E}.Debug|Any CPU.Build.0 = Debug|Any CPU
		{75A1F32F-0C38-DC2F-358E-463E9A524A1E}.Release|Any CPU.ActiveCfg = Release|Any CPU
		{75A1F32F-0C38-DC2F-358E-463E9A524A1E}.Release|Any CPU.Build.0 = Release|Any CPU
		{ABCE81D3-2330-74A1-9E6F-A4E65766637D}.Debug|Any CPU.ActiveCfg = Debug|Any CPU
		{ABCE81D3-2330-74A1-9E6F-A4E65766637D}.Debug|Any CPU.Build.0 = Debug|Any CPU
		{ABCE81D3-2330-74A1-9E6F-A4E65766637D}.Release|Any CPU.ActiveCfg = Release|Any CPU
		{ABCE81D3-2330-74A1-9E6F-A4E65766637D}.Release|Any CPU.Build.0 = Release|Any CPU
	EndGlobalSection
	GlobalSection(SolutionProperties) = preSolution
		HideSolutionNode = FALSE
	EndGlobalSection
EndGlobal
